
Microsoft Visual Studio Solution File, Format Version 12.00
# Visual Studio 2013
VisualStudioVersion = 12.0.31101.0
MinimumVisualStudioVersion = 10.0.40219.1
Project("{FAE04EC0-301F-11D3-BF4B-00C04F79EFBC}") = "Soul.Engine.UI", "Soul.Engine.UI\Soul.Engine.UI.csproj", "{023E36AA-E566-4FE3-97BA-F34AFE14EBE1}"
EndProject
Project("{FAE04EC0-301F-11D3-BF4B-00C04F79EFBC}") = "Soul.Engine", "Soul.Engine\Soul.Engine.csproj", "{90A08582-D4C2-4180-9DE0-CDD284A70B5B}"
EndProject
Project("{FAE04EC0-301F-11D3-BF4B-00C04F79EFBC}") = "Soul.Client", "Soul.Client\Soul.Client.csproj", "{E6FB593F-6E14-44F7-824C-C72A7D07C314}"
EndProject
Project("{FAE04EC0-301F-11D3-BF4B-00C04F79EFBC}") = "Soul.Engine.Graphics", "Soul.Engine.Graphics\Soul.Engine.Graphics.csproj", "{C4774773-CDD1-4277-B4C5-05C7A9E56BF4}"
EndProject
Project("{FAE04EC0-301F-11D3-BF4B-00C04F79EFBC}") = "Soul.Engine.Data", "Soul.Engine.Data\Soul.Engine.Data.csproj", "{ABAC75EA-CEDA-4395-98B2-7094AACF171F}"
EndProject
Project("{FAE04EC0-301F-11D3-BF4B-00C04F79EFBC}") = "Soul.Engine.World", "Soul.Engine.World\Soul.Engine.World.csproj", "{C9E7D17C-0DC4-4494-A5A3-34423875C1B4}"
EndProject
Project("{2150E333-8FDC-42A3-9474-1A3956D46DE8}") = "Tools", "Tools", "{BB0FCA70-A46F-4217-A705-6924AEA1A2E9}"
EndProject
Project("{2150E333-8FDC-42A3-9474-1A3956D46DE8}") = "Game", "Game", "{EE5D32F3-A863-4CEB-9160-2FD0546B5106}"
EndProject
Project("{2150E333-8FDC-42A3-9474-1A3956D46DE8}") = "Client", "Client", "{4B9B64B8-77DB-46C8-A303-9FD29A84C553}"
EndProject
Project("{2150E333-8FDC-42A3-9474-1A3956D46DE8}") = "Data", "Data", "{F8AEEA2C-31F3-400A-BF09-2F4B6D48EBF3}"
EndProject
Project("{2150E333-8FDC-42A3-9474-1A3956D46DE8}") = "Engine", "Engine", "{99D67EC6-7CFD-446E-8D88-7D3BACED0E8E}"
EndProject
Project("{2150E333-8FDC-42A3-9474-1A3956D46DE8}") = "MapEditor", "MapEditor", "{B8DFA655-F718-4670-A499-C987A368A723}"
EndProject
Project("{2150E333-8FDC-42A3-9474-1A3956D46DE8}") = "Server", "Server", "{0B116ECC-A014-4481-AD2B-AC98E7215855}"
EndProject
Project("{FAE04EC0-301F-11D3-BF4B-00C04F79EFBC}") = "Soul.MapEditor.Core", "Soul.MapEditor.Engine\Soul.MapEditor.Core.csproj", "{A6ADD916-42DC-4135-B59B-5A5E46A296A6}"
EndProject
Project("{FAE04EC0-301F-11D3-BF4B-00C04F79EFBC}") = "Soul.MapEditor", "Soul.MapEditor\Soul.MapEditor.csproj", "{215ECEC6-6CCF-4108-9297-BDE32F122803}"
EndProject
Project("{FAE04EC0-301F-11D3-BF4B-00C04F79EFBC}") = "Soul.MapEditor.UI", "Soul.MapEditor.UI\Soul.MapEditor.UI.csproj", "{2250F660-A9D0-4A58-87E7-F85C41E3B709}"
EndProject
Project("{FAE04EC0-301F-11D3-BF4B-00C04F79EFBC}") = "Soul.Engine.Network", "Soul.Engine.Network\Soul.Engine.Network.csproj", "{6BA59007-EFB4-46C9-BAFB-C3D2BBE16558}"
EndProject
Project("{FAE04EC0-301F-11D3-BF4B-00C04F79EFBC}") = "Soul.Engine.Scripting", "Soul.Engine.Scripting\Soul.Engine.Scripting.csproj", "{3D7AA1DB-FDCE-4D63-9A54-7CC9F11E8854}"
EndProject
Project("{2150E333-8FDC-42A3-9474-1A3956D46DE8}") = "Scripts", "Scripts", "{D81BBD34-8F34-485B-9C0B-B010536E4472}"
EndProject
Project("{FAE04EC0-301F-11D3-BF4B-00C04F79EFBC}") = "Soul.Scripts.Item", "Soul.Scripts.Item\Soul.Scripts.Item.csproj", "{25FD7653-4849-48F0-8C4F-95B00FF3663C}"
EndProject
Global
	GlobalSection(SolutionConfigurationPlatforms) = preSolution
		Debug|Any CPU = Debug|Any CPU
		Debug|Mixed Platforms = Debug|Mixed Platforms
		Debug|x86 = Debug|x86
		Release|Any CPU = Release|Any CPU
		Release|Mixed Platforms = Release|Mixed Platforms
		Release|x86 = Release|x86
	EndGlobalSection
	GlobalSection(ProjectConfigurationPlatforms) = postSolution
		{023E36AA-E566-4FE3-97BA-F34AFE14EBE1}.Debug|Any CPU.ActiveCfg = Debug|Any CPU
		{023E36AA-E566-4FE3-97BA-F34AFE14EBE1}.Debug|Any CPU.Build.0 = Debug|Any CPU
		{023E36AA-E566-4FE3-97BA-F34AFE14EBE1}.Debug|Mixed Platforms.ActiveCfg = Debug|Any CPU
		{023E36AA-E566-4FE3-97BA-F34AFE14EBE1}.Debug|Mixed Platforms.Build.0 = Debug|Any CPU
		{023E36AA-E566-4FE3-97BA-F34AFE14EBE1}.Debug|x86.ActiveCfg = Debug|Any CPU
		{023E36AA-E566-4FE3-97BA-F34AFE14EBE1}.Release|Any CPU.ActiveCfg = Release|Any CPU
		{023E36AA-E566-4FE3-97BA-F34AFE14EBE1}.Release|Any CPU.Build.0 = Release|Any CPU
		{023E36AA-E566-4FE3-97BA-F34AFE14EBE1}.Release|Mixed Platforms.ActiveCfg = Release|Any CPU
		{023E36AA-E566-4FE3-97BA-F34AFE14EBE1}.Release|Mixed Platforms.Build.0 = Release|Any CPU
		{023E36AA-E566-4FE3-97BA-F34AFE14EBE1}.Release|x86.ActiveCfg = Release|Any CPU
		{90A08582-D4C2-4180-9DE0-CDD284A70B5B}.Debug|Any CPU.ActiveCfg = Debug|Any CPU
		{90A08582-D4C2-4180-9DE0-CDD284A70B5B}.Debug|Any CPU.Build.0 = Debug|Any CPU
		{90A08582-D4C2-4180-9DE0-CDD284A70B5B}.Debug|Mixed Platforms.ActiveCfg = Debug|Any CPU
		{90A08582-D4C2-4180-9DE0-CDD284A70B5B}.Debug|Mixed Platforms.Build.0 = Debug|Any CPU
		{90A08582-D4C2-4180-9DE0-CDD284A70B5B}.Debug|x86.ActiveCfg = Debug|Any CPU
		{90A08582-D4C2-4180-9DE0-CDD284A70B5B}.Release|Any CPU.ActiveCfg = Release|Any CPU
		{90A08582-D4C2-4180-9DE0-CDD284A70B5B}.Release|Any CPU.Build.0 = Release|Any CPU
		{90A08582-D4C2-4180-9DE0-CDD284A70B5B}.Release|Mixed Platforms.ActiveCfg = Release|Any CPU
		{90A08582-D4C2-4180-9DE0-CDD284A70B5B}.Release|Mixed Platforms.Build.0 = Release|Any CPU
		{90A08582-D4C2-4180-9DE0-CDD284A70B5B}.Release|x86.ActiveCfg = Release|Any CPU
		{E6FB593F-6E14-44F7-824C-C72A7D07C314}.Debug|Any CPU.ActiveCfg = Debug|x86
		{E6FB593F-6E14-44F7-824C-C72A7D07C314}.Debug|Mixed Platforms.ActiveCfg = Debug|x86
		{E6FB593F-6E14-44F7-824C-C72A7D07C314}.Debug|Mixed Platforms.Build.0 = Debug|x86
		{E6FB593F-6E14-44F7-824C-C72A7D07C314}.Debug|x86.ActiveCfg = Debug|x86
		{E6FB593F-6E14-44F7-824C-C72A7D07C314}.Debug|x86.Build.0 = Debug|x86
		{E6FB593F-6E14-44F7-824C-C72A7D07C314}.Release|Any CPU.ActiveCfg = Release|x86
		{E6FB593F-6E14-44F7-824C-C72A7D07C314}.Release|Mixed Platforms.ActiveCfg = Release|x86
		{E6FB593F-6E14-44F7-824C-C72A7D07C314}.Release|Mixed Platforms.Build.0 = Release|x86
		{E6FB593F-6E14-44F7-824C-C72A7D07C314}.Release|x86.ActiveCfg = Release|x86
		{E6FB593F-6E14-44F7-824C-C72A7D07C314}.Release|x86.Build.0 = Release|x86
		{C4774773-CDD1-4277-B4C5-05C7A9E56BF4}.Debug|Any CPU.ActiveCfg = Debug|Any CPU
		{C4774773-CDD1-4277-B4C5-05C7A9E56BF4}.Debug|Any CPU.Build.0 = Debug|Any CPU
		{C4774773-CDD1-4277-B4C5-05C7A9E56BF4}.Debug|Mixed Platforms.ActiveCfg = Debug|Any CPU
		{C4774773-CDD1-4277-B4C5-05C7A9E56BF4}.Debug|Mixed Platforms.Build.0 = Debug|Any CPU
		{C4774773-CDD1-4277-B4C5-05C7A9E56BF4}.Debug|x86.ActiveCfg = Debug|Any CPU
		{C4774773-CDD1-4277-B4C5-05C7A9E56BF4}.Release|Any CPU.ActiveCfg = Release|Any CPU
		{C4774773-CDD1-4277-B4C5-05C7A9E56BF4}.Release|Any CPU.Build.0 = Release|Any CPU
		{C4774773-CDD1-4277-B4C5-05C7A9E56BF4}.Release|Mixed Platforms.ActiveCfg = Release|Any CPU
		{C4774773-CDD1-4277-B4C5-05C7A9E56BF4}.Release|Mixed Platforms.Build.0 = Release|Any CPU
		{C4774773-CDD1-4277-B4C5-05C7A9E56BF4}.Release|x86.ActiveCfg = Release|Any CPU
		{ABAC75EA-CEDA-4395-98B2-7094AACF171F}.Debug|Any CPU.ActiveCfg = Debug|Any CPU
		{ABAC75EA-CEDA-4395-98B2-7094AACF171F}.Debug|Any CPU.Build.0 = Debug|Any CPU
		{ABAC75EA-CEDA-4395-98B2-7094AACF171F}.Debug|Mixed Platforms.ActiveCfg = Debug|Any CPU
		{ABAC75EA-CEDA-4395-98B2-7094AACF171F}.Debug|Mixed Platforms.Build.0 = Debug|Any CPU
		{ABAC75EA-CEDA-4395-98B2-7094AACF171F}.Debug|x86.ActiveCfg = Debug|Any CPU
		{ABAC75EA-CEDA-4395-98B2-7094AACF171F}.Release|Any CPU.ActiveCfg = Release|Any CPU
		{ABAC75EA-CEDA-4395-98B2-7094AACF171F}.Release|Any CPU.Build.0 = Release|Any CPU
		{ABAC75EA-CEDA-4395-98B2-7094AACF171F}.Release|Mixed Platforms.ActiveCfg = Release|Any CPU
		{ABAC75EA-CEDA-4395-98B2-7094AACF171F}.Release|Mixed Platforms.Build.0 = Release|Any CPU
		{ABAC75EA-CEDA-4395-98B2-7094AACF171F}.Release|x86.ActiveCfg = Release|Any CPU
		{C9E7D17C-0DC4-4494-A5A3-34423875C1B4}.Debug|Any CPU.ActiveCfg = Debug|Any CPU
		{C9E7D17C-0DC4-4494-A5A3-34423875C1B4}.Debug|Any CPU.Build.0 = Debug|Any CPU
		{C9E7D17C-0DC4-4494-A5A3-34423875C1B4}.Debug|Mixed Platforms.ActiveCfg = Debug|Any CPU
		{C9E7D17C-0DC4-4494-A5A3-34423875C1B4}.Debug|Mixed Platforms.Build.0 = Debug|Any CPU
		{C9E7D17C-0DC4-4494-A5A3-34423875C1B4}.Debug|x86.ActiveCfg = Debug|Any CPU
		{C9E7D17C-0DC4-4494-A5A3-34423875C1B4}.Release|Any CPU.ActiveCfg = Release|Any CPU
		{C9E7D17C-0DC4-4494-A5A3-34423875C1B4}.Release|Any CPU.Build.0 = Release|Any CPU
		{C9E7D17C-0DC4-4494-A5A3-34423875C1B4}.Release|Mixed Platforms.ActiveCfg = Release|Any CPU
		{C9E7D17C-0DC4-4494-A5A3-34423875C1B4}.Release|Mixed Platforms.Build.0 = Release|Any CPU
		{C9E7D17C-0DC4-4494-A5A3-34423875C1B4}.Release|x86.ActiveCfg = Release|Any CPU
		{A6ADD916-42DC-4135-B59B-5A5E46A296A6}.Debug|Any CPU.ActiveCfg = Debug|Any CPU
		{A6ADD916-42DC-4135-B59B-5A5E46A296A6}.Debug|Any CPU.Build.0 = Debug|Any CPU
		{A6ADD916-42DC-4135-B59B-5A5E46A296A6}.Debug|Mixed Platforms.ActiveCfg = Debug|Any CPU
		{A6ADD916-42DC-4135-B59B-5A5E46A296A6}.Debug|Mixed Platforms.Build.0 = Debug|Any CPU
		{A6ADD916-42DC-4135-B59B-5A5E46A296A6}.Debug|x86.ActiveCfg = Debug|Any CPU
		{A6ADD916-42DC-4135-B59B-5A5E46A296A6}.Release|Any CPU.ActiveCfg = Release|Any CPU
		{A6ADD916-42DC-4135-B59B-5A5E46A296A6}.Release|Any CPU.Build.0 = Release|Any CPU
		{A6ADD916-42DC-4135-B59B-5A5E46A296A6}.Release|Mixed Platforms.ActiveCfg = Release|Any CPU
		{A6ADD916-42DC-4135-B59B-5A5E46A296A6}.Release|Mixed Platforms.Build.0 = Release|Any CPU
		{A6ADD916-42DC-4135-B59B-5A5E46A296A6}.Release|x86.ActiveCfg = Release|Any CPU
		{215ECEC6-6CCF-4108-9297-BDE32F122803}.Debug|Any CPU.ActiveCfg = Debug|Any CPU
		{215ECEC6-6CCF-4108-9297-BDE32F122803}.Debug|Any CPU.Build.0 = Debug|Any CPU
		{215ECEC6-6CCF-4108-9297-BDE32F122803}.Debug|Mixed Platforms.ActiveCfg = Debug|Any CPU
		{215ECEC6-6CCF-4108-9297-BDE32F122803}.Debug|Mixed Platforms.Build.0 = Debug|Any CPU
		{215ECEC6-6CCF-4108-9297-BDE32F122803}.Debug|x86.ActiveCfg = Debug|Any CPU
		{215ECEC6-6CCF-4108-9297-BDE32F122803}.Release|Any CPU.ActiveCfg = Release|Any CPU
		{215ECEC6-6CCF-4108-9297-BDE32F122803}.Release|Any CPU.Build.0 = Release|Any CPU
		{215ECEC6-6CCF-4108-9297-BDE32F122803}.Release|Mixed Platforms.ActiveCfg = Release|Any CPU
		{215ECEC6-6CCF-4108-9297-BDE32F122803}.Release|Mixed Platforms.Build.0 = Release|Any CPU
		{215ECEC6-6CCF-4108-9297-BDE32F122803}.Release|x86.ActiveCfg = Release|Any CPU
		{2250F660-A9D0-4A58-87E7-F85C41E3B709}.Debug|Any CPU.ActiveCfg = Debug|Any CPU
		{2250F660-A9D0-4A58-87E7-F85C41E3B709}.Debug|Any CPU.Build.0 = Debug|Any CPU
		{2250F660-A9D0-4A58-87E7-F85C41E3B709}.Debug|Mixed Platforms.ActiveCfg = Debug|Any CPU
		{2250F660-A9D0-4A58-87E7-F85C41E3B709}.Debug|Mixed Platforms.Build.0 = Debug|Any CPU
		{2250F660-A9D0-4A58-87E7-F85C41E3B709}.Debug|x86.ActiveCfg = Debug|Any CPU
		{2250F660-A9D0-4A58-87E7-F85C41E3B709}.Release|Any CPU.ActiveCfg = Release|Any CPU
		{2250F660-A9D0-4A58-87E7-F85C41E3B709}.Release|Any CPU.Build.0 = Release|Any CPU
		{2250F660-A9D0-4A58-87E7-F85C41E3B709}.Release|Mixed Platforms.ActiveCfg = Release|Any CPU
		{2250F660-A9D0-4A58-87E7-F85C41E3B709}.Release|Mixed Platforms.Build.0 = Release|Any CPU
		{2250F660-A9D0-4A58-87E7-F85C41E3B709}.Release|x86.ActiveCfg = Release|Any CPU
		{6BA59007-EFB4-46C9-BAFB-C3D2BBE16558}.Debug|Any CPU.ActiveCfg = Debug|Any CPU
		{6BA59007-EFB4-46C9-BAFB-C3D2BBE16558}.Debug|Any CPU.Build.0 = Debug|Any CPU
		{6BA59007-EFB4-46C9-BAFB-C3D2BBE16558}.Debug|Mixed Platforms.ActiveCfg = Debug|Any CPU
		{6BA59007-EFB4-46C9-BAFB-C3D2BBE16558}.Debug|Mixed Platforms.Build.0 = Debug|Any CPU
		{6BA59007-EFB4-46C9-BAFB-C3D2BBE16558}.Debug|x86.ActiveCfg = Debug|Any CPU
		{6BA59007-EFB4-46C9-BAFB-C3D2BBE16558}.Release|Any CPU.ActiveCfg = Release|Any CPU
		{6BA59007-EFB4-46C9-BAFB-C3D2BBE16558}.Release|Any CPU.Build.0 = Release|Any CPU
		{6BA59007-EFB4-46C9-BAFB-C3D2BBE16558}.Release|Mixed Platforms.ActiveCfg = Release|Any CPU
		{6BA59007-EFB4-46C9-BAFB-C3D2BBE16558}.Release|Mixed Platforms.Build.0 = Release|Any CPU
		{6BA59007-EFB4-46C9-BAFB-C3D2BBE16558}.Release|x86.ActiveCfg = Release|Any CPU
		{3D7AA1DB-FDCE-4D63-9A54-7CC9F11E8854}.Debug|Any CPU.ActiveCfg = Debug|Any CPU
		{3D7AA1DB-FDCE-4D63-9A54-7CC9F11E8854}.Debug|Any CPU.Build.0 = Debug|Any CPU
		{3D7AA1DB-FDCE-4D63-9A54-7CC9F11E8854}.Debug|Mixed Platforms.ActiveCfg = Debug|Any CPU
		{3D7AA1DB-FDCE-4D63-9A54-7CC9F11E8854}.Debug|Mixed Platforms.Build.0 = Debug|Any CPU
		{3D7AA1DB-FDCE-4D63-9A54-7CC9F11E8854}.Debug|x86.ActiveCfg = Debug|Any CPU
		{3D7AA1DB-FDCE-4D63-9A54-7CC9F11E8854}.Release|Any CPU.ActiveCfg = Release|Any CPU
		{3D7AA1DB-FDCE-4D63-9A54-7CC9F11E8854}.Release|Any CPU.Build.0 = Release|Any CPU
		{3D7AA1DB-FDCE-4D63-9A54-7CC9F11E8854}.Release|Mixed Platforms.ActiveCfg = Release|Any CPU
		{3D7AA1DB-FDCE-4D63-9A54-7CC9F11E8854}.Release|Mixed Platforms.Build.0 = Release|Any CPU
		{3D7AA1DB-FDCE-4D63-9A54-7CC9F11E8854}.Release|x86.ActiveCfg = Release|Any CPU
		{25FD7653-4849-48F0-8C4F-95B00FF3663C}.Debug|Any CPU.ActiveCfg = Debug|Any CPU
		{25FD7653-4849-48F0-8C4F-95B00FF3663C}.Debug|Any CPU.Build.0 = Debug|Any CPU
		{25FD7653-4849-48F0-8C4F-95B00FF3663C}.Debug|Mixed Platforms.ActiveCfg = Debug|Any CPU
		{25FD7653-4849-48F0-8C4F-95B00FF3663C}.Debug|Mixed Platforms.Build.0 = Debug|Any CPU
		{25FD7653-4849-48F0-8C4F-95B00FF3663C}.Debug|x86.ActiveCfg = Debug|Any CPU
		{25FD7653-4849-48F0-8C4F-95B00FF3663C}.Release|Any CPU.ActiveCfg = Release|Any CPU
		{25FD7653-4849-48F0-8C4F-95B00FF3663C}.Release|Any CPU.Build.0 = Release|Any CPU
		{25FD7653-4849-48F0-8C4F-95B00FF3663C}.Release|Mixed Platforms.ActiveCfg = Release|Any CPU
		{25FD7653-4849-48F0-8C4F-95B00FF3663C}.Release|Mixed Platforms.Build.0 = Release|Any CPU
		{25FD7653-4849-48F0-8C4F-95B00FF3663C}.Release|x86.ActiveCfg = Release|Any CPU
	EndGlobalSection
	GlobalSection(SolutionProperties) = preSolution
		HideSolutionNode = FALSE
	EndGlobalSection
	GlobalSection(NestedProjects) = preSolution
		{023E36AA-E566-4FE3-97BA-F34AFE14EBE1} = {99D67EC6-7CFD-446E-8D88-7D3BACED0E8E}
		{90A08582-D4C2-4180-9DE0-CDD284A70B5B} = {99D67EC6-7CFD-446E-8D88-7D3BACED0E8E}
		{E6FB593F-6E14-44F7-824C-C72A7D07C314} = {4B9B64B8-77DB-46C8-A303-9FD29A84C553}
		{C4774773-CDD1-4277-B4C5-05C7A9E56BF4} = {99D67EC6-7CFD-446E-8D88-7D3BACED0E8E}
		{ABAC75EA-CEDA-4395-98B2-7094AACF171F} = {F8AEEA2C-31F3-400A-BF09-2F4B6D48EBF3}
		{C9E7D17C-0DC4-4494-A5A3-34423875C1B4} = {99D67EC6-7CFD-446E-8D88-7D3BACED0E8E}
		{4B9B64B8-77DB-46C8-A303-9FD29A84C553} = {EE5D32F3-A863-4CEB-9160-2FD0546B5106}
		{F8AEEA2C-31F3-400A-BF09-2F4B6D48EBF3} = {EE5D32F3-A863-4CEB-9160-2FD0546B5106}
		{99D67EC6-7CFD-446E-8D88-7D3BACED0E8E} = {EE5D32F3-A863-4CEB-9160-2FD0546B5106}
		{B8DFA655-F718-4670-A499-C987A368A723} = {BB0FCA70-A46F-4217-A705-6924AEA1A2E9}
		{0B116ECC-A014-4481-AD2B-AC98E7215855} = {EE5D32F3-A863-4CEB-9160-2FD0546B5106}
		{A6ADD916-42DC-4135-B59B-5A5E46A296A6} = {B8DFA655-F718-4670-A499-C987A368A723}
		{215ECEC6-6CCF-4108-9297-BDE32F122803} = {B8DFA655-F718-4670-A499-C987A368A723}
		{2250F660-A9D0-4A58-87E7-F85C41E3B709} = {B8DFA655-F718-4670-A499-C987A368A723}
		{6BA59007-EFB4-46C9-BAFB-C3D2BBE16558} = {99D67EC6-7CFD-446E-8D88-7D3BACED0E8E}
		{3D7AA1DB-FDCE-4D63-9A54-7CC9F11E8854} = {99D67EC6-7CFD-446E-8D88-7D3BACED0E8E}
		{D81BBD34-8F34-485B-9C0B-B010536E4472} = {EE5D32F3-A863-4CEB-9160-2FD0546B5106}
		{25FD7653-4849-48F0-8C4F-95B00FF3663C} = {D81BBD34-8F34-485B-9C0B-B010536E4472}
	EndGlobalSection
EndGlobal
